
Microsoft Visual Studio Solution File, Format Version 12.00
# Visual Studio Version 17
VisualStudioVersion = 17.6.33712.159
MinimumVisualStudioVersion = 10.0.40219.1
Project("{9A19103F-16F7-4668-BE54-9A1E7A4F7556}") = "Starlib.Utilities", "..\LightningUtil\Starlib.Utilities.csproj", "{DD54D9B4-11F7-4E4A-B5AA-2ED514A30371}"
EndProject
Project("{9A19103F-16F7-4668-BE54-9A1E7A4F7556}") = "Starlib.Base", "..\LightningBase\Starlib.Base.csproj", "{257D125F-0499-483C-8D37-34CE6D22BA0F}"
EndProject
Project("{9A19103F-16F7-4668-BE54-9A1E7A4F7556}") = "Starlib.Utilities.SDL", "..\LightningUtilSdl\Starlib.Utilities.SDL.csproj", "{7A7351A5-4783-4778-8859-F8CAAE37D8FE}"
EndProject
Global
	GlobalSection(SolutionConfigurationPlatforms) = preSolution
		Debug|Any CPU = Debug|Any CPU
		Final|Any CPU = Final|Any CPU
		Profiling|Any CPU = Profiling|Any CPU
		Release|Any CPU = Release|Any CPU
	EndGlobalSection
	GlobalSection(ProjectConfigurationPlatforms) = postSolution
		{DD54D9B4-11F7-4E4A-B5AA-2ED514A30371}.Debug|Any CPU.ActiveCfg = Debug|Any CPU
		{DD54D9B4-11F7-4E4A-B5AA-2ED514A30371}.Debug|Any CPU.Build.0 = Debug|Any CPU
		{DD54D9B4-11F7-4E4A-B5AA-2ED514A30371}.Final|Any CPU.ActiveCfg = Final|Any CPU
		{DD54D9B4-11F7-4E4A-B5AA-2ED514A30371}.Final|Any CPU.Build.0 = Final|Any CPU
		{DD54D9B4-11F7-4E4A-B5AA-2ED514A30371}.Profiling|Any CPU.ActiveCfg = Profiling|Any CPU
		{DD54D9B4-11F7-4E4A-B5AA-2ED514A30371}.Profiling|Any CPU.Build.0 = Profiling|Any CPU
		{DD54D9B4-11F7-4E4A-B5AA-2ED514A30371}.Release|Any CPU.ActiveCfg = Release|Any CPU
		{DD54D9B4-11F7-4E4A-B5AA-2ED514A30371}.Release|Any CPU.Build.0 = Release|Any CPU
		{257D125F-0499-483C-8D37-34CE6D22BA0F}.Debug|Any CPU.ActiveCfg = Debug|Any CPU
		{257D125F-0499-483C-8D37-34CE6D22BA0F}.Debug|Any CPU.Build.0 = Debug|Any CPU
		{257D125F-0499-483C-8D37-34CE6D22BA0F}.Final|Any CPU.ActiveCfg = Final|Any CPU
		{257D125F-0499-483C-8D37-34CE6D22BA0F}.Final|Any CPU.Build.0 = Final|Any CPU
		{257D125F-0499-483C-8D37-34CE6D22BA0F}.Profiling|Any CPU.ActiveCfg = Profiling|Any CPU
		{257D125F-0499-483C-8D37-34CE6D22BA0F}.Profiling|Any CPU.Build.0 = Profiling|Any CPU
		{257D125F-0499-483C-8D37-34CE6D22BA0F}.Release|Any CPU.ActiveCfg = Release|Any CPU
		{257D125F-0499-483C-8D37-34CE6D22BA0F}.Release|Any CPU.Build.0 = Release|Any CPU
		{7A7351A5-4783-4778-8859-F8CAAE37D8FE}.Debug|Any CPU.ActiveCfg = Debug|Any CPU
		{7A7351A5-4783-4778-8859-F8CAAE37D8FE}.Debug|Any CPU.Build.0 = Debug|Any CPU
		{7A7351A5-4783-4778-8859-F8CAAE37D8FE}.Final|Any CPU.ActiveCfg = Final|Any CPU
		{7A7351A5-4783-4778-8859-F8CAAE37D8FE}.Final|Any CPU.Build.0 = Final|Any CPU
		{7A7351A5-4783-4778-8859-F8CAAE37D8FE}.Profiling|Any CPU.ActiveCfg = Profiling|Any CPU
		{7A7351A5-4783-4778-8859-F8CAAE37D8FE}.Profiling|Any CPU.Build.0 = Profiling|Any CPU
		{7A7351A5-4783-4778-8859-F8CAAE37D8FE}.Release|Any CPU.ActiveCfg = Release|Any CPU
		{7A7351A5-4783-4778-8859-F8CAAE37D8FE}.Release|Any CPU.Build.0 = Release|Any CPU
	EndGlobalSection
	GlobalSection(SolutionProperties) = preSolution
		HideSolutionNode = FALSE
	EndGlobalSection
	GlobalSection(ExtensibilityGlobals) = postSolution
		SolutionGuid = {73021943-15DB-4E8A-8261-2502A64CB407}
	EndGlobalSection
EndGlobal
